{
  "name": "数据列表",
  "version": "1.0.0",
  "lockfileVersion": 1,
  "requires": true,
  "dependencies": {
    "@socket.io/component-emitter": {
      "version": "3.0.0",
      "resolved": "https://registry.npmmirror.com/@socket.io/component-emitter/download/@socket.io/component-emitter-3.0.0.tgz?cache=0&sync_timestamp=1634208607821&other_urls=https%3A%2F%2Fregistry.npmmirror.com%2F%40socket.io%2Fcomponent-emitter%2Fdownload%2F%40socket.io%2Fcomponent-emitter-3.0.0.tgz",
      "integrity": "sha1-iGORVnb4N9na17dvUMtQDB6UIuk="
    },
    "backo2": {
      "version": "1.0.2",
      "resolved": "https://registry.nlark.com/backo2/download/backo2-1.0.2.tgz",
      "integrity": "sha1-MasayLEpNjRj41s+u2n038+6eUc="
    },
    "base64-arraybuffer": {
      "version": "1.0.1",
      "resolved": "https://registry.nlark.com/base64-arraybuffer/download/base64-arraybuffer-1.0.1.tgz?cache=0&sync_timestamp=1628588823959&other_urls=https%3A%2F%2Fregistry.nlark.com%2Fbase64-arraybuffer%2Fdownload%2Fbase64-arraybuffer-1.0.1.tgz",
      "integrity": "sha1-h70TUlYm20qYOOAKUIwrc+/PNIw="
    },
    "charenc": {
      "version": "0.0.2",
      "resolved": "https://registry.nlark.com/charenc/download/charenc-0.0.2.tgz",
      "integrity": "sha1-wKHS86cJLgN3S/qD8UwPxXkKhmc="
    },
    "crypt": {
      "version": "0.0.2",
      "resolved": "https://registry.npmmirror.com/crypt/download/crypt-0.0.2.tgz",
      "integrity": "sha1-iNf/fsDfuG9xPch7u0LQRNPmxBs="
    },
    "debug": {
      "version": "4.3.3",
      "resolved": "https://registry.npmmirror.com/debug/download/debug-4.3.3.tgz",
      "integrity": "sha512-/zxw5+vh1Tfv+4Qn7a5nsbcJKPaSvCDhojn6FEl9vupwK2VCSDtEiEtqr8DFtzYFOdz63LBkxec7DYuc2jon6Q==",
      "requires": {
        "ms": "2.1.2"
      }
    },
    "engine.io-client": {
      "version": "6.1.1",
      "resolved": "https://registry.npmmirror.com/engine.io-client/download/engine.io-client-6.1.1.tgz?cache=0&sync_timestamp=1636874284993&other_urls=https%3A%2F%2Fregistry.npmmirror.com%2Fengine.io-client%2Fdownload%2Fengine.io-client-6.1.1.tgz",
      "integrity": "sha512-V05mmDo4gjimYW+FGujoGmmmxRaDsrVr7AXA3ZIfa04MWM1jOfZfUwou0oNqhNwy/votUDvGDt4JA4QF4e0b4g==",
      "requires": {
        "@socket.io/component-emitter": "~3.0.0",
        "debug": "~4.3.1",
        "engine.io-parser": "~5.0.0",
        "has-cors": "1.1.0",
        "parseqs": "0.0.6",
        "parseuri": "0.0.6",
        "ws": "~8.2.3",
        "xmlhttprequest-ssl": "~2.0.0",
        "yeast": "0.1.2"
      }
    },
    "engine.io-parser": {
      "version": "5.0.2",
      "resolved": "https://registry.npmmirror.com/engine.io-parser/download/engine.io-parser-5.0.2.tgz?cache=0&sync_timestamp=1636871403505&other_urls=https%3A%2F%2Fregistry.npmmirror.com%2Fengine.io-parser%2Fdownload%2Fengine.io-parser-5.0.2.tgz",
      "integrity": "sha512-wuiO7qO/OEkPJSFueuATIXtrxF7/6GTbAO9QLv7nnbjwZ5tYhLm9zxvLwxstRs0dcT0KUlWTjtIOs1T86jt12g==",
      "requires": {
        "base64-arraybuffer": "~1.0.1"
      }
    },
    "has-cors": {
      "version": "1.1.0",
      "resolved": "https://registry.nlark.com/has-cors/download/has-cors-1.1.0.tgz",
      "integrity": "sha1-XkdHk/fqmEPRu5nCPu9J/xJv/zk="
    },
    "is-buffer": {
      "version": "1.1.6",
      "resolved": "https://registry.npm.taobao.org/is-buffer/download/is-buffer-1.1.6.tgz?cache=0&sync_timestamp=1604432327227&other_urls=https%3A%2F%2Fregistry.npm.taobao.org%2Fis-buffer%2Fdownload%2Fis-buffer-1.1.6.tgz",
      "integrity": "sha1-76ouqdqg16suoTqXsritUf776L4="
    },
    "klona": {
      "version": "2.0.5",
      "resolved": "https://registry.npmmirror.com/klona/download/klona-2.0.5.tgz",
      "integrity": "sha1-0WZXTZAHY5XZljqnqSj6u412r7w="
    },
    "md5": {
      "version": "2.3.0",
      "resolved": "https://registry.npm.taobao.org/md5/download/md5-2.3.0.tgz",
      "integrity": "sha1-w9qaaq46MLRreww0m4exENw72k8=",
      "requires": {
        "charenc": "0.0.2",
        "crypt": "0.0.2",
        "is-buffer": "~1.1.6"
      }
    },
    "moment": {
      "version": "2.29.1",
      "resolved": "https://registry.nlark.com/moment/download/moment-2.29.1.tgz",
      "integrity": "sha1-sr52n6MZQL6e7qZGnAdeNQBvo9M="
    },
    "ms": {
      "version": "2.1.2",
      "resolved": "https://registry.npmmirror.com/ms/download/ms-2.1.2.tgz",
      "integrity": "sha1-0J0fNXtEP0kzgqjrPM0YOHKuYAk="
    },
    "neo-async": {
      "version": "2.6.2",
      "resolved": "https://registry.nlark.com/neo-async/download/neo-async-2.6.2.tgz",
      "integrity": "sha1-tKr7k+OustgXTKU88WOrfXMIMF8="
    },
    "parseqs": {
      "version": "0.0.6",
      "resolved": "https://registry.npm.taobao.org/parseqs/download/parseqs-0.0.6.tgz",
      "integrity": "sha1-jku1oZ0c3IRKCKyXTTTic6+mcNU="
    },
    "parseuri": {
      "version": "0.0.6",
      "resolved": "https://registry.nlark.com/parseuri/download/parseuri-0.0.6.tgz",
      "integrity": "sha1-4Ulugp46wv9H85pN0ESzKCPEolo="
    },
    "sass-loader": {
      "version": "12.3.0",
      "resolved": "https://registry.npmmirror.com/sass-loader/download/sass-loader-12.3.0.tgz",
      "integrity": "sha1-kyeJgcGJw2pYy/w31LnO8M3AKHE=",
      "requires": {
        "klona": "^2.0.4",
        "neo-async": "^2.6.2"
      }
    },
    "socket.io-client": {
      "version": "4.4.0",
      "resolved": "https://registry.npmmirror.com/socket.io-client/download/socket.io-client-4.4.0.tgz?cache=0&sync_timestamp=1637241002786&other_urls=https%3A%2F%2Fregistry.npmmirror.com%2Fsocket.io-client%2Fdownload%2Fsocket.io-client-4.4.0.tgz",
      "integrity": "sha512-g7riSEJXi7qCFImPow98oT8X++MSsHz6MMFRXkWNJ6uEROSHOa3kxdrsYWMq85dO+09CFMkcqlpjvbVXQl4z6g==",
      "requires": {
        "@socket.io/component-emitter": "~3.0.0",
        "backo2": "~1.0.2",
        "debug": "~4.3.2",
        "engine.io-client": "~6.1.1",
        "parseuri": "0.0.6",
        "socket.io-parser": "~4.1.1"
      }
    },
    "socket.io-parser": {
      "version": "4.1.1",
      "resolved": "https://registry.npmmirror.com/socket.io-parser/download/socket.io-parser-4.1.1.tgz?cache=0&sync_timestamp=1634212731575&other_urls=https%3A%2F%2Fregistry.npmmirror.com%2Fsocket.io-parser%2Fdownload%2Fsocket.io-parser-4.1.1.tgz",
      "integrity": "sha1-CtU9mAeByrHqvjIEF9hIDAEz5i0=",
      "requires": {
        "@socket.io/component-emitter": "~3.0.0",
        "debug": "~4.3.1"
      }
    },
    "uni-lb-picker": {
      "version": "1.2.0",
      "resolved": "https://registry.nlark.com/uni-lb-picker/download/uni-lb-picker-1.2.0.tgz",
      "integrity": "sha1-iuFazELCMTM530n18bueEow0hJc="
    },
    "validator": {
      "version": "13.6.0",
      "resolved": "https://registry.nlark.com/validator/download/validator-13.6.0.tgz",
      "integrity": "sha1-HnGJnBTNx7IGhGPLJMHMFvbscFk="
    },
    "ws": {
      "version": "8.2.3",
      "resolved": "https://registry.npmmirror.com/ws/download/ws-8.2.3.tgz",
      "integrity": "sha512-wBuoj1BDpC6ZQ1B7DWQBYVLphPWkm8i9Y0/3YdHjHKHiohOJ1ws+3OccDWtH+PoC9DZD5WOTrJvNbWvjS6JWaA=="
    },
    "xmlhttprequest-ssl": {
      "version": "2.0.0",
      "resolved": "https://registry.npmmirror.com/xmlhttprequest-ssl/download/xmlhttprequest-ssl-2.0.0.tgz",
      "integrity": "sha1-kTYMhrkU5n9E3OdpGAAnwNphjGc="
    },
    "yeast": {
      "version": "0.1.2",
      "resolved": "https://registry.nlark.com/yeast/download/yeast-0.1.2.tgz",
      "integrity": "sha1-AI4G2AlDIMNy28L47XagymyKxBk="
    }
  }
}
